schema: '2.0'
stages:
  prepare:
    cmd: python src/prepare.py
    deps:
    - path: data/raw/iris.parquet
      hash: md5
      md5: d9c2c47635c21386fb820999b4b499c1
      size: 6585
    - path: src/prepare.py
      hash: md5
      md5: 9f9e3705d8bd82156ee9d02f4187e619
      size: 1125
    params:
      params.yaml:
        prepare.random_state: 42
        prepare.split_ratio: 0.8
    outs:
    - path: data/processed/test.csv
      hash: md5
      md5: 268cfc7176856b5452a592d4f1572910
      size: 597
    - path: data/processed/train.csv
      hash: md5
      md5: 4111988f007af25783642b856aa5ac02
      size: 2217
  train:
    cmd: python src/train.py
    deps:
    - path: data/processed/train.csv
      hash: md5
      md5: 4111988f007af25783642b856aa5ac02
      size: 2217
    - path: src/train.py
      hash: md5
      md5: 43c0208e194fb1368f72040692531395
      size: 1969
    params:
      params.yaml:
        train.model_type: RandomForest
        train.n_estimators: 100
    outs:
    - path: metrics.json
      hash: md5
      md5: d8556de1ab9a67ba29638420936ab7e1
      size: 17
    - path: models/model.pkl
      hash: md5
      md5: 724f74732813515cb8ac6de8b8534c61
      size: 158171
